
Microsoft Visual Studio Solution File, Format Version 12.00
# Visual Studio 2013
VisualStudioVersion = 12.0.31101.0
MinimumVisualStudioVersion = 10.0.40219.1
Project("{FAE04EC0-301F-11D3-BF4B-00C04F79EFBC}") = "WtfOopaGame", "WtfOopaGame\WtfOopaGame.csproj", "{1EE8A861-3BF2-4B80-AD56-EB3586DB1C2E}"
EndProject
Project("{FAE04EC0-301F-11D3-BF4B-00C04F79EFBC}") = "GameEngine", "GameEngine\GameEngine.csproj", "{B0482A7E-6DD0-4669-BB63-BC25DC02B3D2}"
EndProject
Global
	GlobalSection(SolutionConfigurationPlatforms) = preSolution
		Debug|Any CPU = Debug|Any CPU
		Release|Any CPU = Release|Any CPU
	EndGlobalSection
	GlobalSection(ProjectConfigurationPlatforms) = postSolution
		{1EE8A861-3BF2-4B80-AD56-EB3586DB1C2E}.Debug|Any CPU.ActiveCfg = Debug|Any CPU
		{1EE8A861-3BF2-4B80-AD56-EB3586DB1C2E}.Debug|Any CPU.Build.0 = Debug|Any CPU
		{1EE8A861-3BF2-4B80-AD56-EB3586DB1C2E}.Release|Any CPU.ActiveCfg = Release|Any CPU
		{1EE8A861-3BF2-4B80-AD56-EB3586DB1C2E}.Release|Any CPU.Build.0 = Release|Any CPU
		{B0482A7E-6DD0-4669-BB63-BC25DC02B3D2}.Debug|Any CPU.ActiveCfg = Debug|Any CPU
		{B0482A7E-6DD0-4669-BB63-BC25DC02B3D2}.Debug|Any CPU.Build.0 = Debug|Any CPU
		{B0482A7E-6DD0-4669-BB63-BC25DC02B3D2}.Release|Any CPU.ActiveCfg = Release|Any CPU
		{B0482A7E-6DD0-4669-BB63-BC25DC02B3D2}.Release|Any CPU.Build.0 = Release|Any CPU
	EndGlobalSection
	GlobalSection(SolutionProperties) = preSolution
		HideSolutionNode = FALSE
	EndGlobalSection
EndGlobal
